{
  "version": 4,
  "terraform_version": "0.14.7",
  "serial": 5,
  "lineage": "24b9eba0-8bf4-ce33-423e-b4a60ee8689a",
  "outputs": {},
  "resources": [
    {
      "mode": "managed",
      "type": "apigee_developer",
      "name": "MyDeveloper",
      "provider": "provider[\"registry.terraform.io/scastria/apigee\"]",
      "instances": [
        {
          "schema_version": 0,
          "attributes": {
            "attributes": {
              "hello": "goodbye"
            },
            "email": "devajeet.bharali@neosalpha.com",
            "first_name": "Devajeet",
            "id": "devajeet.bharali@neosalpha.com",
            "last_name": "Bharali",
            "user_name": "devajeet.bharali@neosalpha.com"
          },
          "sensitive_attributes": [],
          "private": "bnVsbA=="
        }
      ]
    },
    {
      "mode": "managed",
      "type": "apigee_developer_app",
      "name": "APPVISADirect",
      "provider": "provider[\"registry.terraform.io/scastria/apigee\"]",
      "instances": [
        {
          "schema_version": 0,
          "attributes": {
            "attributes": {
              "IS-PLATFORM": "false"
            },
            "callback_url": "hello.com",
            "developer_email": "devajeet.bharali@neosalpha.com",
            "id": "devajeet.bharali@neosalpha.com:VISADirect-test-env-app",
            "name": "VISADirect-test-env-app"
          },
          "sensitive_attributes": [],
          "private": "bnVsbA==",
          "dependencies": [
            "apigee_developer.MyDeveloper"
          ]
        }
      ]
    },
    {
      "mode": "managed",
      "type": "apigee_developer_app_credential",
      "name": "example",
      "provider": "provider[\"registry.terraform.io/scastria/apigee\"]",
      "instances": [
        {
          "schema_version": 0,
          "attributes": {
            "api_products": [
              "VISA-Payout-API test-env"
            ],
            "attributes": {
              "hello": "my developer app credentials"
            },
            "consumer_key": "pthzwuU6RAyeylDUAxM2A3UCpAT1pmQc",
            "consumer_secret": "vbWEkj88pGdeAzke",
            "developer_app_name": "VISADirect-test-env-app",
            "developer_email": "devajeet.bharali@neosalpha.com",
            "id": "devajeet.bharali@neosalpha.com:VISADirect-test-env-app:pthzwuU6RAyeylDUAxM2A3UCpAT1pmQc",
            "scopes": [
              "openid"
            ]
          },
          "sensitive_attributes": [],
          "private": "bnVsbA==",
          "dependencies": [
            "apigee_developer.MyDeveloper",
            "apigee_developer_app.APPVISADirect",
            "apigee_product.ProductVISAPayout"
          ]
        }
      ]
    },
    {
      "mode": "managed",
      "type": "apigee_product",
      "name": "ProductVISAPayout",
      "provider": "provider[\"registry.terraform.io/scastria/apigee\"]",
      "instances": [
        {
          "schema_version": 0,
          "attributes": {
            "api_resources": null,
            "attributes": {
              "access": "public"
            },
            "auto_approval_type": true,
            "description": "App created through terraform",
            "display_name": "VISA-Payout-API test-env",
            "environments": [
              "test-env"
            ],
            "id": "VISA-Payout-API test-env",
            "name": "VISA-Payout-API test-env",
            "proxies": [
              "myproxy"
            ],
            "quota": null,
            "quota_interval": null,
            "quota_time_unit": null,
            "scopes": [
              "openid",
              "profile"
            ]
          },
          "sensitive_attributes": [],
          "private": "bnVsbA=="
        }
      ]
    }
  ]
}
