{
  "version": 4,
  "terraform_version": "0.14.7",
  "serial": 33,
  "lineage": "919ca29c-0c22-d612-173a-25a4ffd8b9e3",
  "outputs": {},
  "resources": [
    {
      "mode": "managed",
      "type": "apigee_shared_flow",
      "name": "sharedflow-CORS-Postflow",
      "provider": "provider[\"registry.terraform.io/scastria/apigee\"]",
      "instances": [
        {
          "schema_version": 0,
          "attributes": {
            "bundle": "/home/apigee/terraformWA/VISA/test-env/CORS-Postflow.zip",
            "bundle_hash": "TboYxr8nPz9bvaytCy8z69lvIaxhvVzcZvu6Z/HEoLA=",
            "id": "CORS-Postflow",
            "name": "CORS-Postflow",
            "revision": 2
          },
          "sensitive_attributes": [],
          "private": "bnVsbA=="
        }
      ]
    },
    {
      "mode": "managed",
      "type": "apigee_shared_flow",
      "name": "sharedflow-CORS-Preflow",
      "provider": "provider[\"registry.terraform.io/scastria/apigee\"]",
      "instances": [
        {
          "schema_version": 0,
          "attributes": {
            "bundle": "/home/apigee/terraformWA/VISA/test-env/CORS-Preflow.zip",
            "bundle_hash": "Cuc+4HJSNAwNQwdC8IirELN37NTKEXos2GV6t1EbR9w=",
            "id": "CORS-Preflow",
            "name": "CORS-Preflow",
            "revision": 3
          },
          "sensitive_attributes": [],
          "private": "bnVsbA=="
        }
      ]
    },
    {
      "mode": "managed",
      "type": "apigee_shared_flow",
      "name": "sharedflow-Visa-ICL-OAuthV2",
      "provider": "provider[\"registry.terraform.io/scastria/apigee\"]",
      "instances": [
        {
          "schema_version": 0,
          "attributes": {
            "bundle": "/home/apigee/terraformWA/VISA/test-env/Visa-ICL-OAuthV2.zip",
            "bundle_hash": "1S226Um7qb36c3VLIAxK+2+wHGWlBsK2iBBFurOoEQk=",
            "id": "Visa-ICL-OAuthV2",
            "name": "Visa-ICL-OAuthV2",
            "revision": 2
          },
          "sensitive_attributes": [],
          "private": "bnVsbA=="
        }
      ]
    },
    {
      "mode": "managed",
      "type": "apigee_shared_flow_deployment",
      "name": "deploy_shared_flow-CORS-Postflow",
      "provider": "provider[\"registry.terraform.io/scastria/apigee\"]",
      "instances": [
        {
          "schema_version": 0,
          "attributes": {
            "delay": null,
            "environment_name": "test-env",
            "id": "test-env:CORS-Postflow",
            "revision": 2,
            "shared_flow_name": "CORS-Postflow"
          },
          "sensitive_attributes": [],
          "private": "bnVsbA==",
          "dependencies": [
            "apigee_shared_flow.sharedflow-CORS-Postflow"
          ]
        }
      ]
    },
    {
      "mode": "managed",
      "type": "apigee_shared_flow_deployment",
      "name": "deploy_shared_flow-CORS-Preflow",
      "provider": "provider[\"registry.terraform.io/scastria/apigee\"]",
      "instances": [
        {
          "schema_version": 0,
          "attributes": {
            "delay": null,
            "environment_name": "test-env",
            "id": "test-env:CORS-Preflow",
            "revision": 2,
            "shared_flow_name": "CORS-Preflow"
          },
          "sensitive_attributes": [],
          "private": "bnVsbA==",
          "dependencies": [
            "apigee_shared_flow.sharedflow-CORS-Preflow"
          ]
        }
      ]
    },
    {
      "mode": "managed",
      "type": "apigee_shared_flow_deployment",
      "name": "deploy_shared_flow-Visa-ICL-OAuthV2",
      "provider": "provider[\"registry.terraform.io/scastria/apigee\"]",
      "instances": [
        {
          "schema_version": 0,
          "attributes": {
            "delay": null,
            "environment_name": "test-env",
            "id": "test-env:Visa-ICL-OAuthV2",
            "revision": 2,
            "shared_flow_name": "Visa-ICL-OAuthV2"
          },
          "sensitive_attributes": [],
          "private": "bnVsbA==",
          "dependencies": [
            "apigee_shared_flow.sharedflow-Visa-ICL-OAuthV2"
          ]
        }
      ]
    }
  ]
}
