{
  "version": 4,
  "terraform_version": "0.14.7",
  "serial": 6,
  "lineage": "49fd1c67-06c6-2a80-1025-b378bcf48ef9",
  "outputs": {},
  "resources": [
    {
      "mode": "managed",
      "type": "apigee_environment_kvm",
      "name": "KVM-Merchant-Credentials",
      "provider": "provider[\"registry.terraform.io/scastria/apigee\"]",
      "instances": [
        {
          "schema_version": 0,
          "attributes": {
            "encrypted": true,
            "entry": null,
            "environment_name": "test-env",
            "id": "test-env:Merchant-Credentials",
            "name": "Merchant-Credentials",
            "sensitive_entry": null
          },
          "sensitive_attributes": [],
          "private": "bnVsbA=="
        }
      ]
    },
    {
      "mode": "managed",
      "type": "apigee_environment_kvm",
      "name": "KVM-Validation-API-KVM",
      "provider": "provider[\"registry.terraform.io/scastria/apigee\"]",
      "instances": [
        {
          "schema_version": 0,
          "attributes": {
            "encrypted": true,
            "entry": null,
            "environment_name": "test-env",
            "id": "test-env:Validation-API-KVM",
            "name": "Validation-API-KVM",
            "sensitive_entry": null
          },
          "sensitive_attributes": [],
          "private": "bnVsbA=="
        }
      ]
    },
    {
      "mode": "managed",
      "type": "apigee_environment_kvm",
      "name": "KVM-VisaPayoutsKVM",
      "provider": "provider[\"registry.terraform.io/scastria/apigee\"]",
      "instances": [
        {
          "schema_version": 0,
          "attributes": {
            "encrypted": true,
            "entry": null,
            "environment_name": "test-env",
            "id": "test-env:VisaPayoutsKVM",
            "name": "VisaPayoutsKVM",
            "sensitive_entry": null
          },
          "sensitive_attributes": [],
          "private": "bnVsbA=="
        }
      ]
    }
  ]
}
