{
  "version": 4,
  "terraform_version": "0.14.7",
  "serial": 11,
  "lineage": "0e9f9db8-f9c3-207b-e230-6c8a5908fe97",
  "outputs": {},
  "resources": [
    {
      "mode": "managed",
      "type": "apigee_proxy",
      "name": "JWE-Encrypt-Decrypt-Proxy",
      "provider": "provider[\"registry.terraform.io/scastria/apigee\"]",
      "instances": [
        {
          "schema_version": 0,
          "attributes": {
            "bundle": "/home/apigee/terraformWA/VISA/JWE-Encrypt-Decrypt.zip",
            "bundle_hash": "+l9+LiyNNIkeBV5hyXIzysBte68gc0pTXEJESjMFyyI=",
            "id": "JWE-Encrypt-Decrypt",
            "name": "JWE-Encrypt-Decrypt",
            "revision": 1
          },
          "sensitive_attributes": [],
          "private": "bnVsbA=="
        }
      ]
    },
    {
      "mode": "managed",
      "type": "apigee_proxy",
      "name": "MerchantAPI-Proxy",
      "provider": "provider[\"registry.terraform.io/scastria/apigee\"]",
      "instances": [
        {
          "schema_version": 0,
          "attributes": {
            "bundle": "/home/apigee/terraformWA/VISA/MerchantAPI.zip",
            "bundle_hash": "7/rH+0yYY4Esbn2NFyRKZ/HsFCkalljOKo3Akxyx5Sk=",
            "id": "MerchantAPI",
            "name": "MerchantAPI",
            "revision": 1
          },
          "sensitive_attributes": [],
          "private": "bnVsbA=="
        }
      ]
    },
    {
      "mode": "managed",
      "type": "apigee_proxy",
      "name": "Mock-API-Proxy",
      "provider": "provider[\"registry.terraform.io/scastria/apigee\"]",
      "instances": [
        {
          "schema_version": 0,
          "attributes": {
            "bundle": "/home/apigee/terraformWA/VISA/Mock-API.zip",
            "bundle_hash": "iY7bcXgb/fR2O+LTwzyzkjfZrOsPnYfuTtVXPrEFtDA=",
            "id": "Mock-API",
            "name": "Mock-API",
            "revision": 1
          },
          "sensitive_attributes": [],
          "private": "bnVsbA=="
        }
      ]
    },
    {
      "mode": "managed",
      "type": "apigee_proxy",
      "name": "SET-KVM-Values-Proxy",
      "provider": "provider[\"registry.terraform.io/scastria/apigee\"]",
      "instances": [
        {
          "schema_version": 0,
          "attributes": {
            "bundle": "/home/apigee/terraformWA/VISA/SET-KVM-Values_rev2.zip",
            "bundle_hash": "bp8MUpr6cOILgKS64cE3cnkRQNgt4Sg7a8M0GNBeB78=",
            "id": "SET-KVM-Values",
            "name": "SET-KVM-Values",
            "revision": 1
          },
          "sensitive_attributes": [],
          "private": "bnVsbA=="
        }
      ]
    },
    {
      "mode": "managed",
      "type": "apigee_proxy",
      "name": "VISADirect-Proxy",
      "provider": "provider[\"registry.terraform.io/scastria/apigee\"]",
      "instances": [
        {
          "schema_version": 0,
          "attributes": {
            "bundle": "/home/apigee/terraformWA/VISA/VISADirect-ICL-API.zip",
            "bundle_hash": "5HNZecOUNkcshNgBKyLu62knxJZXKPb51q0tC4vdcuU=",
            "id": "VISADirect-ICL-API",
            "name": "VISADirect-ICL-API",
            "revision": 1
          },
          "sensitive_attributes": [],
          "private": "bnVsbA=="
        }
      ]
    },
    {
      "mode": "managed",
      "type": "apigee_proxy",
      "name": "oauth-Proxy",
      "provider": "provider[\"registry.terraform.io/scastria/apigee\"]",
      "instances": [
        {
          "schema_version": 0,
          "attributes": {
            "bundle": "/home/apigee/terraformWA/VISA/oauth.zip",
            "bundle_hash": "cbojnbhFaFzIdLjx8z+EDzu8LyLgZzSyBuiBLPPuN+E=",
            "id": "oauth",
            "name": "oauth",
            "revision": 1
          },
          "sensitive_attributes": [],
          "private": "bnVsbA=="
        }
      ]
    },
    {
      "mode": "managed",
      "type": "apigee_proxy_deployment",
      "name": "Deployment-MerchantAPI",
      "provider": "provider[\"registry.terraform.io/scastria/apigee\"]",
      "instances": [
        {
          "schema_version": 0,
          "attributes": {
            "delay": null,
            "environment_name": "test-env",
            "id": "test-env:MerchantAPI",
            "proxy_name": "MerchantAPI",
            "revision": 1
          },
          "sensitive_attributes": [],
          "private": "bnVsbA==",
          "dependencies": [
            "apigee_proxy.MerchantAPI-Proxy"
          ]
        }
      ]
    },
    {
      "mode": "managed",
      "type": "apigee_proxy_deployment",
      "name": "Deployment-Mock-API",
      "provider": "provider[\"registry.terraform.io/scastria/apigee\"]",
      "instances": [
        {
          "schema_version": 0,
          "attributes": {
            "delay": null,
            "environment_name": "test-env",
            "id": "test-env:Mock-API",
            "proxy_name": "Mock-API",
            "revision": 1
          },
          "sensitive_attributes": [],
          "private": "bnVsbA==",
          "dependencies": [
            "apigee_proxy.Mock-API-Proxy"
          ]
        }
      ]
    },
    {
      "mode": "managed",
      "type": "apigee_proxy_deployment",
      "name": "Deployment-SET-KVM-Values",
      "provider": "provider[\"registry.terraform.io/scastria/apigee\"]",
      "instances": [
        {
          "schema_version": 0,
          "attributes": {
            "delay": null,
            "environment_name": "test-env",
            "id": "test-env:SET-KVM-Values",
            "proxy_name": "SET-KVM-Values",
            "revision": 1
          },
          "sensitive_attributes": [],
          "private": "bnVsbA==",
          "dependencies": [
            "apigee_proxy.SET-KVM-Values-Proxy"
          ]
        }
      ]
    },
    {
      "mode": "managed",
      "type": "apigee_proxy_deployment",
      "name": "Deployment-oauth",
      "provider": "provider[\"registry.terraform.io/scastria/apigee\"]",
      "instances": [
        {
          "schema_version": 0,
          "attributes": {
            "delay": null,
            "environment_name": "test-env",
            "id": "test-env:oauth",
            "proxy_name": "oauth",
            "revision": 1
          },
          "sensitive_attributes": [],
          "private": "bnVsbA==",
          "dependencies": [
            "apigee_proxy.oauth-Proxy"
          ]
        }
      ]
    }
  ]
}
