{
  "version": 4,
  "terraform_version": "0.14.7",
  "serial": 195,
  "lineage": "545cc8b5-469b-97b4-ecc8-713d0a6cd406",
  "outputs": {},
  "resources": [
    {
      "mode": "managed",
      "type": "apigee_company_app",
      "name": "MyApp",
      "provider": "provider[\"registry.terraform.io/scastria/apigee\"]",
      "instances": []
    },
    {
      "mode": "managed",
      "type": "apigee_company_app_credential",
      "name": "example",
      "provider": "provider[\"registry.terraform.io/scastria/apigee\"]",
      "instances": []
    },
    {
      "mode": "managed",
      "type": "apigee_developer",
      "name": "MyDeveloper",
      "provider": "provider[\"registry.terraform.io/scastria/apigee\"]",
      "instances": [
        {
          "schema_version": 0,
          "attributes": {
            "attributes": {
              "hello": "goodbye"
            },
            "email": "devajeet.bharali@neosalpha.com",
            "first_name": "Devajeet",
            "id": "devajeet.bharali@neosalpha.com",
            "last_name": "Bharali",
            "user_name": "devajeet.bharali@neosalpha.com"
          },
          "sensitive_attributes": [],
          "private": "bnVsbA=="
        }
      ]
    },
    {
      "mode": "managed",
      "type": "apigee_developer_app",
      "name": "MyApp",
      "provider": "provider[\"registry.terraform.io/scastria/apigee\"]",
      "instances": [
        {
          "schema_version": 0,
          "attributes": {
            "attributes": {
              "hello": "my developer app"
            },
            "callback_url": "hello.com",
            "developer_email": "devajeet.bharali@neosalpha.com",
            "id": "devajeet.bharali@neosalpha.com:My Developer App",
            "name": "My Developer App"
          },
          "sensitive_attributes": [],
          "private": "bnVsbA==",
          "dependencies": [
            "apigee_developer.MyDeveloper"
          ]
        }
      ]
    },
    {
      "mode": "managed",
      "type": "apigee_developer_app_credential",
      "name": "example",
      "provider": "provider[\"registry.terraform.io/scastria/apigee\"]",
      "instances": [
        {
          "schema_version": 0,
          "attributes": {
            "api_products": [
              "MyProduct2"
            ],
            "attributes": {
              "hello": "my developer app credentials"
            },
            "consumer_key": "pthzwuU6RAyeylDUAxM2A3UCpAT1pmQc",
            "consumer_secret": "vbWEkj88pGdeAzke",
            "developer_app_name": "My Developer App",
            "developer_email": "devajeet.bharali@neosalpha.com",
            "id": "devajeet.bharali@neosalpha.com:My Developer App:pthzwuU6RAyeylDUAxM2A3UCpAT1pmQc",
            "scopes": [
              "openid"
            ]
          },
          "sensitive_attributes": [],
          "private": "bnVsbA==",
          "dependencies": [
            "apigee_developer.MyDeveloper",
            "apigee_developer_app.MyApp",
            "apigee_product.MyProduct"
          ]
        }
      ]
    },
    {
      "mode": "managed",
      "type": "apigee_product",
      "name": "MyProduct",
      "provider": "provider[\"registry.terraform.io/scastria/apigee\"]",
      "instances": [
        {
          "schema_version": 0,
          "attributes": {
            "api_resources": [],
            "attributes": {
              "access": "public"
            },
            "auto_approval_type": true,
            "description": "App created through terraform",
            "display_name": "MyProduct2",
            "environments": [
              "test-env"
            ],
            "id": "MyProduct2",
            "name": "MyProduct2",
            "proxies": [
              "Helloworld_Top"
            ],
            "quota": null,
            "quota_interval": null,
            "quota_time_unit": "",
            "scopes": [
              "openid",
              "profile"
            ]
          },
          "sensitive_attributes": [],
          "private": "bnVsbA=="
        }
      ]
    },
    {
      "mode": "managed",
      "type": "apigee_proxy",
      "name": "JWE-Encrypt-Decrypt-Proxy",
      "provider": "provider[\"registry.terraform.io/scastria/apigee\"]",
      "instances": [
        {
          "schema_version": 0,
          "attributes": {
            "bundle": "/home/apigee/terraformWA/VISA/JWE-Encrypt-Decrypt.zip",
            "bundle_hash": "+l9+LiyNNIkeBV5hyXIzysBte68gc0pTXEJESjMFyyI=",
            "id": "JWE-Encrypt-Decrypt",
            "name": "JWE-Encrypt-Decrypt",
            "revision": 1
          },
          "sensitive_attributes": [],
          "private": "bnVsbA=="
        }
      ]
    },
    {
      "mode": "managed",
      "type": "apigee_proxy",
      "name": "MerchantAPI-Proxy",
      "provider": "provider[\"registry.terraform.io/scastria/apigee\"]",
      "instances": [
        {
          "schema_version": 0,
          "attributes": {
            "bundle": "/home/apigee/terraformWA/VISA/MerchantAPI.zip",
            "bundle_hash": "7/rH+0yYY4Esbn2NFyRKZ/HsFCkalljOKo3Akxyx5Sk=",
            "id": "MerchantAPI",
            "name": "MerchantAPI",
            "revision": 1
          },
          "sensitive_attributes": [],
          "private": "bnVsbA=="
        }
      ]
    },
    {
      "mode": "managed",
      "type": "apigee_proxy",
      "name": "Mock-API-Proxy",
      "provider": "provider[\"registry.terraform.io/scastria/apigee\"]",
      "instances": [
        {
          "schema_version": 0,
          "attributes": {
            "bundle": "/home/apigee/terraformWA/VISA/Mock-API.zip",
            "bundle_hash": "iY7bcXgb/fR2O+LTwzyzkjfZrOsPnYfuTtVXPrEFtDA=",
            "id": "Mock-API",
            "name": "Mock-API",
            "revision": 1
          },
          "sensitive_attributes": [],
          "private": "bnVsbA=="
        }
      ]
    },
    {
      "mode": "managed",
      "type": "apigee_proxy",
      "name": "SET-KVM-Values-Proxy",
      "provider": "provider[\"registry.terraform.io/scastria/apigee\"]",
      "instances": [
        {
          "schema_version": 0,
          "attributes": {
            "bundle": "/home/apigee/terraformWA/VISA/SET-KVM-Values.zip",
            "bundle_hash": "OZdngDQ0bHLdl+nmDiAghg1lUVUbiT6jhyRoo1shGVc=",
            "id": "SET-KVM-Values",
            "name": "SET-KVM-Values",
            "revision": 1
          },
          "sensitive_attributes": [],
          "private": "bnVsbA=="
        }
      ]
    },
    {
      "mode": "managed",
      "type": "apigee_proxy",
      "name": "VISADirect-Proxy",
      "provider": "provider[\"registry.terraform.io/scastria/apigee\"]",
      "instances": [
        {
          "schema_version": 0,
          "attributes": {
            "bundle": "/home/apigee/terraformWA/VISA/VISADirect-ICL-API.zip",
            "bundle_hash": "5HNZecOUNkcshNgBKyLu62knxJZXKPb51q0tC4vdcuU=",
            "id": "VISADirect-ICL-API",
            "name": "VISADirect-ICL-API",
            "revision": 1
          },
          "sensitive_attributes": [],
          "private": "bnVsbA=="
        }
      ]
    },
    {
      "mode": "managed",
      "type": "apigee_proxy",
      "name": "oauth-Proxy",
      "provider": "provider[\"registry.terraform.io/scastria/apigee\"]",
      "instances": [
        {
          "schema_version": 0,
          "attributes": {
            "bundle": "/home/apigee/terraformWA/VISA/oauth.zip",
            "bundle_hash": "cbojnbhFaFzIdLjx8z+EDzu8LyLgZzSyBuiBLPPuN+E=",
            "id": "oauth",
            "name": "oauth",
            "revision": 1
          },
          "sensitive_attributes": [],
          "private": "bnVsbA=="
        }
      ]
    },
    {
      "mode": "managed",
      "type": "apigee_proxy_deployment",
      "name": "Deployment-JWE-Encrypt-Decrypt",
      "provider": "provider[\"registry.terraform.io/scastria/apigee\"]",
      "instances": [
        {
          "schema_version": 0,
          "attributes": {
            "delay": null,
            "environment_name": "test-env",
            "id": "test-env:JWE-Encrypt-Decrypt",
            "proxy_name": "JWE-Encrypt-Decrypt",
            "revision": 1
          },
          "sensitive_attributes": [],
          "private": "bnVsbA==",
          "dependencies": [
            "apigee_proxy.JWE-Encrypt-Decrypt-Proxy"
          ]
        }
      ]
    },
    {
      "mode": "managed",
      "type": "apigee_proxy_deployment",
      "name": "Deployment-MerchantAPI",
      "provider": "provider[\"registry.terraform.io/scastria/apigee\"]",
      "instances": [
        {
          "schema_version": 0,
          "attributes": {
            "delay": null,
            "environment_name": "test-env",
            "id": "test-env:MerchantAPI",
            "proxy_name": "MerchantAPI",
            "revision": 1
          },
          "sensitive_attributes": [],
          "private": "bnVsbA==",
          "dependencies": [
            "apigee_proxy.MerchantAPI-Proxy"
          ]
        }
      ]
    },
    {
      "mode": "managed",
      "type": "apigee_proxy_deployment",
      "name": "Deployment-Mock-API",
      "provider": "provider[\"registry.terraform.io/scastria/apigee\"]",
      "instances": [
        {
          "schema_version": 0,
          "attributes": {
            "delay": null,
            "environment_name": "test-env",
            "id": "test-env:Mock-API",
            "proxy_name": "Mock-API",
            "revision": 1
          },
          "sensitive_attributes": [],
          "private": "bnVsbA==",
          "dependencies": [
            "apigee_proxy.Mock-API-Proxy"
          ]
        }
      ]
    },
    {
      "mode": "managed",
      "type": "apigee_proxy_deployment",
      "name": "Deployment-SET-KVM-Values",
      "provider": "provider[\"registry.terraform.io/scastria/apigee\"]",
      "instances": [
        {
          "schema_version": 0,
          "attributes": {
            "delay": null,
            "environment_name": "test-env",
            "id": "test-env:SET-KVM-Values",
            "proxy_name": "SET-KVM-Values",
            "revision": 1
          },
          "sensitive_attributes": [],
          "private": "bnVsbA==",
          "dependencies": [
            "apigee_proxy.SET-KVM-Values-Proxy"
          ]
        }
      ]
    },
    {
      "mode": "managed",
      "type": "apigee_proxy_deployment",
      "name": "Deployment-VISADirect-ICL-API",
      "provider": "provider[\"registry.terraform.io/scastria/apigee\"]",
      "instances": [
        {
          "schema_version": 0,
          "attributes": {
            "delay": null,
            "environment_name": "test-env",
            "id": "test-env:VISADirect-ICL-API",
            "proxy_name": "VISADirect-ICL-API",
            "revision": 1
          },
          "sensitive_attributes": [],
          "private": "bnVsbA==",
          "dependencies": [
            "apigee_proxy.VISADirect-Proxy"
          ]
        }
      ]
    },
    {
      "mode": "managed",
      "type": "apigee_proxy_deployment",
      "name": "Deployment-oauth",
      "provider": "provider[\"registry.terraform.io/scastria/apigee\"]",
      "instances": [
        {
          "schema_version": 0,
          "attributes": {
            "delay": null,
            "environment_name": "test-env",
            "id": "test-env:oauth",
            "proxy_name": "oauth",
            "revision": 1
          },
          "sensitive_attributes": [],
          "private": "bnVsbA==",
          "dependencies": [
            "apigee_proxy.oauth-Proxy"
          ]
        }
      ]
    }
  ]
}
